
Microsoft Visual Studio Solution File, Format Version 12.00
# Visual Studio Express 2012 for Windows Desktop
Project("{FAE04EC0-301F-11D3-BF4B-00C04F79EFBC}") = "GestionAvituallamientos", "GestionAvituallamientos\GestionAvituallamientos.csproj", "{3D8A91A8-FD82-4F09-A378-7AD72C36A548}"
EndProject
Global
	GlobalSection(SolutionConfigurationPlatforms) = preSolution
		Debug|Any CPU = Debug|Any CPU
		Release|Any CPU = Release|Any CPU
	EndGlobalSection
	GlobalSection(ProjectConfigurationPlatforms) = postSolution
		{3D8A91A8-FD82-4F09-A378-7AD72C36A548}.Debug|Any CPU.ActiveCfg = Debug|Any CPU
		{3D8A91A8-FD82-4F09-A378-7AD72C36A548}.Debug|Any CPU.Build.0 = Debug|Any CPU
		{3D8A91A8-FD82-4F09-A378-7AD72C36A548}.Release|Any CPU.ActiveCfg = Release|Any CPU
		{3D8A91A8-FD82-4F09-A378-7AD72C36A548}.Release|Any CPU.Build.0 = Release|Any CPU
	EndGlobalSection
	GlobalSection(SolutionProperties) = preSolution
		HideSolutionNode = FALSE
	EndGlobalSection
EndGlobal
